
Microsoft Visual Studio Solution File, Format Version 12.00
# Visual Studio Version 18
VisualStudioVersion = 18.4.11620.152
MinimumVisualStudioVersion = 10.0.40219.1
Project("{FAE04EC0-301F-11D3-BF4B-00C04F79EFBC}") = "TestImage", "TestImage.csproj", "{1B4B6B54-1146-479C-8EFA-856644DB9ACA}"
EndProject
Project("{FAE04EC0-301F-11D3-BF4B-00C04F79EFBC}") = "ImageMatching.Core", "ImageMatching.Core\ImageMatching.Core.csproj", "{1A78BD24-FDCD-4A4E-90CC-F0B7419C1579}"
EndProject
Project("{FAE04EC0-301F-11D3-BF4B-00C04F79EFBC}") = "ImageMatching.Cnn", "ImageMatching.Cnn\ImageMatching.Cnn.csproj", "{E1945D53-1DE5-4C15-992B-5351AFBBCE04}"
EndProject
Global
	GlobalSection(SolutionConfigurationPlatforms) = preSolution
		Debug|Any CPU = Debug|Any CPU
		Debug|x64 = Debug|x64
		Debug|x86 = Debug|x86
		Release|Any CPU = Release|Any CPU
		Release|x64 = Release|x64
		Release|x86 = Release|x86
	EndGlobalSection
	GlobalSection(ProjectConfigurationPlatforms) = postSolution
		{1B4B6B54-1146-479C-8EFA-856644DB9ACA}.Debug|Any CPU.ActiveCfg = Debug|Any CPU
		{1B4B6B54-1146-479C-8EFA-856644DB9ACA}.Debug|Any CPU.Build.0 = Debug|Any CPU
		{1B4B6B54-1146-479C-8EFA-856644DB9ACA}.Debug|x64.ActiveCfg = Debug|Any CPU
		{1B4B6B54-1146-479C-8EFA-856644DB9ACA}.Debug|x64.Build.0 = Debug|Any CPU
		{1B4B6B54-1146-479C-8EFA-856644DB9ACA}.Debug|x86.ActiveCfg = Debug|Any CPU
		{1B4B6B54-1146-479C-8EFA-856644DB9ACA}.Debug|x86.Build.0 = Debug|Any CPU
		{1B4B6B54-1146-479C-8EFA-856644DB9ACA}.Release|Any CPU.ActiveCfg = Release|Any CPU
		{1B4B6B54-1146-479C-8EFA-856644DB9ACA}.Release|Any CPU.Build.0 = Release|Any CPU
		{1B4B6B54-1146-479C-8EFA-856644DB9ACA}.Release|x64.ActiveCfg = Release|Any CPU
		{1B4B6B54-1146-479C-8EFA-856644DB9ACA}.Release|x64.Build.0 = Release|Any CPU
		{1B4B6B54-1146-479C-8EFA-856644DB9ACA}.Release|x86.ActiveCfg = Release|Any CPU
		{1B4B6B54-1146-479C-8EFA-856644DB9ACA}.Release|x86.Build.0 = Release|Any CPU
		{1A78BD24-FDCD-4A4E-90CC-F0B7419C1579}.Debug|Any CPU.ActiveCfg = Debug|Any CPU
		{1A78BD24-FDCD-4A4E-90CC-F0B7419C1579}.Debug|Any CPU.Build.0 = Debug|Any CPU
		{1A78BD24-FDCD-4A4E-90CC-F0B7419C1579}.Debug|x64.ActiveCfg = Debug|Any CPU
		{1A78BD24-FDCD-4A4E-90CC-F0B7419C1579}.Debug|x64.Build.0 = Debug|Any CPU
		{1A78BD24-FDCD-4A4E-90CC-F0B7419C1579}.Debug|x86.ActiveCfg = Debug|Any CPU
		{1A78BD24-FDCD-4A4E-90CC-F0B7419C1579}.Debug|x86.Build.0 = Debug|Any CPU
		{1A78BD24-FDCD-4A4E-90CC-F0B7419C1579}.Release|Any CPU.ActiveCfg = Release|Any CPU
		{1A78BD24-FDCD-4A4E-90CC-F0B7419C1579}.Release|Any CPU.Build.0 = Release|Any CPU
		{1A78BD24-FDCD-4A4E-90CC-F0B7419C1579}.Release|x64.ActiveCfg = Release|Any CPU
		{1A78BD24-FDCD-4A4E-90CC-F0B7419C1579}.Release|x64.Build.0 = Release|Any CPU
		{1A78BD24-FDCD-4A4E-90CC-F0B7419C1579}.Release|x86.ActiveCfg = Release|Any CPU
		{1A78BD24-FDCD-4A4E-90CC-F0B7419C1579}.Release|x86.Build.0 = Release|Any CPU
		{E1945D53-1DE5-4C15-992B-5351AFBBCE04}.Debug|Any CPU.ActiveCfg = Debug|Any CPU
		{E1945D53-1DE5-4C15-992B-5351AFBBCE04}.Debug|Any CPU.Build.0 = Debug|Any CPU
		{E1945D53-1DE5-4C15-992B-5351AFBBCE04}.Debug|x64.ActiveCfg = Debug|Any CPU
		{E1945D53-1DE5-4C15-992B-5351AFBBCE04}.Debug|x64.Build.0 = Debug|Any CPU
		{E1945D53-1DE5-4C15-992B-5351AFBBCE04}.Debug|x86.ActiveCfg = Debug|Any CPU
		{E1945D53-1DE5-4C15-992B-5351AFBBCE04}.Debug|x86.Build.0 = Debug|Any CPU
		{E1945D53-1DE5-4C15-992B-5351AFBBCE04}.Release|Any CPU.ActiveCfg = Release|Any CPU
		{E1945D53-1DE5-4C15-992B-5351AFBBCE04}.Release|Any CPU.Build.0 = Release|Any CPU
		{E1945D53-1DE5-4C15-992B-5351AFBBCE04}.Release|x64.ActiveCfg = Release|Any CPU
		{E1945D53-1DE5-4C15-992B-5351AFBBCE04}.Release|x64.Build.0 = Release|Any CPU
		{E1945D53-1DE5-4C15-992B-5351AFBBCE04}.Release|x86.ActiveCfg = Release|Any CPU
		{E1945D53-1DE5-4C15-992B-5351AFBBCE04}.Release|x86.Build.0 = Release|Any CPU
	EndGlobalSection
	GlobalSection(SolutionProperties) = preSolution
		HideSolutionNode = FALSE
	EndGlobalSection
	GlobalSection(ExtensibilityGlobals) = postSolution
		SolutionGuid = {CC354D1B-018D-4022-BDBF-56988FE58B32}
	EndGlobalSection
EndGlobal
